
Microsoft Visual Studio Solution File, Format Version 12.00
# Visual Studio Version 17
VisualStudioVersion = 17.4.33122.133
MinimumVisualStudioVersion = 10.0.40219.1
Project("{FAE04EC0-301F-11D3-BF4B-00C04F79EFBC}") = "Web.UI", "Web.UI\Web.UI.csproj", "{D59609E5-1039-4CBF-877E-EB3F2E3B9CBA}"
EndProject
Project("{FAE04EC0-301F-11D3-BF4B-00C04F79EFBC}") = "EntityLayer", "EntityLayer\EntityLayer.csproj", "{30A773FF-67E1-4519-982E-8B77C3683CD4}"
EndProject
Project("{FAE04EC0-301F-11D3-BF4B-00C04F79EFBC}") = "DataAccessLayer", "DataAccessLayer\DataAccessLayer.csproj", "{CBEC3D51-5EAF-46DF-AE62-7B0F6B59F70E}"
EndProject
Project("{FAE04EC0-301F-11D3-BF4B-00C04F79EFBC}") = "BusinessLayer", "BusinessLayer\BusinessLayer.csproj", "{834358F9-C1CD-449B-B92C-FE008DF2FE65}"
EndProject
Project("{FAE04EC0-301F-11D3-BF4B-00C04F79EFBC}") = "CoreLayer", "CoreLayer\CoreLayer.csproj", "{4BF70E9D-A091-4694-B66A-C181051115E8}"
EndProject
Global
	GlobalSection(SolutionConfigurationPlatforms) = preSolution
		Debug|Any CPU = Debug|Any CPU
		Release|Any CPU = Release|Any CPU
	EndGlobalSection
	GlobalSection(ProjectConfigurationPlatforms) = postSolution
		{D59609E5-1039-4CBF-877E-EB3F2E3B9CBA}.Debug|Any CPU.ActiveCfg = Debug|Any CPU
		{D59609E5-1039-4CBF-877E-EB3F2E3B9CBA}.Debug|Any CPU.Build.0 = Debug|Any CPU
		{D59609E5-1039-4CBF-877E-EB3F2E3B9CBA}.Release|Any CPU.ActiveCfg = Release|Any CPU
		{D59609E5-1039-4CBF-877E-EB3F2E3B9CBA}.Release|Any CPU.Build.0 = Release|Any CPU
		{30A773FF-67E1-4519-982E-8B77C3683CD4}.Debug|Any CPU.ActiveCfg = Debug|Any CPU
		{30A773FF-67E1-4519-982E-8B77C3683CD4}.Debug|Any CPU.Build.0 = Debug|Any CPU
		{30A773FF-67E1-4519-982E-8B77C3683CD4}.Release|Any CPU.ActiveCfg = Release|Any CPU
		{30A773FF-67E1-4519-982E-8B77C3683CD4}.Release|Any CPU.Build.0 = Release|Any CPU
		{CBEC3D51-5EAF-46DF-AE62-7B0F6B59F70E}.Debug|Any CPU.ActiveCfg = Debug|Any CPU
		{CBEC3D51-5EAF-46DF-AE62-7B0F6B59F70E}.Debug|Any CPU.Build.0 = Debug|Any CPU
		{CBEC3D51-5EAF-46DF-AE62-7B0F6B59F70E}.Release|Any CPU.ActiveCfg = Release|Any CPU
		{CBEC3D51-5EAF-46DF-AE62-7B0F6B59F70E}.Release|Any CPU.Build.0 = Release|Any CPU
		{834358F9-C1CD-449B-B92C-FE008DF2FE65}.Debug|Any CPU.ActiveCfg = Debug|Any CPU
		{834358F9-C1CD-449B-B92C-FE008DF2FE65}.Debug|Any CPU.Build.0 = Debug|Any CPU
		{834358F9-C1CD-449B-B92C-FE008DF2FE65}.Release|Any CPU.ActiveCfg = Release|Any CPU
		{834358F9-C1CD-449B-B92C-FE008DF2FE65}.Release|Any CPU.Build.0 = Release|Any CPU
		{4BF70E9D-A091-4694-B66A-C181051115E8}.Debug|Any CPU.ActiveCfg = Debug|Any CPU
		{4BF70E9D-A091-4694-B66A-C181051115E8}.Debug|Any CPU.Build.0 = Debug|Any CPU
		{4BF70E9D-A091-4694-B66A-C181051115E8}.Release|Any CPU.ActiveCfg = Release|Any CPU
		{4BF70E9D-A091-4694-B66A-C181051115E8}.Release|Any CPU.Build.0 = Release|Any CPU
	EndGlobalSection
	GlobalSection(SolutionProperties) = preSolution
		HideSolutionNode = FALSE
	EndGlobalSection
	GlobalSection(ExtensibilityGlobals) = postSolution
		SolutionGuid = {196E39FC-DA9D-4723-90D5-7C23710D1A55}
	EndGlobalSection
EndGlobal
